
Microsoft Visual Studio Solution File, Format Version 12.00
# Visual Studio Version 17
VisualStudioVersion = 17.2.32630.192
MinimumVisualStudioVersion = 10.0.40219.1
Project("{9A19103F-16F7-4668-BE54-9A1E7A4F7556}") = "TmLms", "TmLms\TmLms.csproj", "{8718E3A3-5312-4C68-A6E6-7209C9904161}"
EndProject
Project("{9A19103F-16F7-4668-BE54-9A1E7A4F7556}") = "TMUnitTest", "TMUnitTest\TMUnitTest.csproj", "{C980A319-E885-4501-8F5C-6EEF3F713DC6}"
	ProjectSection(ProjectDependencies) = postProject
		{8718E3A3-5312-4C68-A6E6-7209C9904161} = {8718E3A3-5312-4C68-A6E6-7209C9904161}
	EndProjectSection
EndProject
Project("{2150E333-8FDC-42A3-9474-1A3956D46DE8}") = "UserControlForms", "UserControlForms", "{DF1A5ED5-4A66-4BD6-9F82-0DCC881951EC}"
EndProject
Project("{FAE04EC0-301F-11D3-BF4B-00C04F79EFBC}") = "TrueOrFalse", "TrueOrFalse\TrueOrFalse.csproj", "{2B0CEED4-A8AD-46B9-A829-CFBA3D5F5FD0}"
EndProject
Project("{FAE04EC0-301F-11D3-BF4B-00C04F79EFBC}") = "MultiChoiceControl", "MultiChoiceControl\MultiChoiceControl.csproj", "{D517B8BF-6162-4E5F-A6CC-AF5110B0499B}"
EndProject
Project("{FAE04EC0-301F-11D3-BF4B-00C04F79EFBC}") = "ShortAnswerControl", "ShortAnswerControl\ShortAnswerControl.csproj", "{B89857BF-6BE0-479F-AB64-D11C8CDC8EDF}"
EndProject
Project("{FAE04EC0-301F-11D3-BF4B-00C04F79EFBC}") = "MultiAnswerControl", "MultiAnswerControl\MultiAnswerControl.csproj", "{37DCA24B-88D4-4EE2-9A36-4AA5FC3955BB}"
EndProject
Project("{2150E333-8FDC-42A3-9474-1A3956D46DE8}") = "UserControlForms(Playing Quiz)", "UserControlForms(Playing Quiz)", "{7893A74A-4B92-41DE-B12B-9B70E12C6A8E}"
EndProject
Project("{FAE04EC0-301F-11D3-BF4B-00C04F79EFBC}") = "TrueOrFalse(Play)", "TrueOrFalse(Play)\TrueOrFalse(Play).csproj", "{47DDA646-A9A4-42A2-B4A7-E1FDAADA2FDF}"
EndProject
Global
	GlobalSection(SolutionConfigurationPlatforms) = preSolution
		Debug|Any CPU = Debug|Any CPU
		Release|Any CPU = Release|Any CPU
	EndGlobalSection
	GlobalSection(ProjectConfigurationPlatforms) = postSolution
		{8718E3A3-5312-4C68-A6E6-7209C9904161}.Debug|Any CPU.ActiveCfg = Debug|Any CPU
		{8718E3A3-5312-4C68-A6E6-7209C9904161}.Debug|Any CPU.Build.0 = Debug|Any CPU
		{8718E3A3-5312-4C68-A6E6-7209C9904161}.Release|Any CPU.ActiveCfg = Release|Any CPU
		{8718E3A3-5312-4C68-A6E6-7209C9904161}.Release|Any CPU.Build.0 = Release|Any CPU
		{C980A319-E885-4501-8F5C-6EEF3F713DC6}.Debug|Any CPU.ActiveCfg = Debug|Any CPU
		{C980A319-E885-4501-8F5C-6EEF3F713DC6}.Debug|Any CPU.Build.0 = Debug|Any CPU
		{C980A319-E885-4501-8F5C-6EEF3F713DC6}.Release|Any CPU.ActiveCfg = Release|Any CPU
		{C980A319-E885-4501-8F5C-6EEF3F713DC6}.Release|Any CPU.Build.0 = Release|Any CPU
		{2B0CEED4-A8AD-46B9-A829-CFBA3D5F5FD0}.Debug|Any CPU.ActiveCfg = Debug|Any CPU
		{2B0CEED4-A8AD-46B9-A829-CFBA3D5F5FD0}.Debug|Any CPU.Build.0 = Debug|Any CPU
		{2B0CEED4-A8AD-46B9-A829-CFBA3D5F5FD0}.Release|Any CPU.ActiveCfg = Release|Any CPU
		{2B0CEED4-A8AD-46B9-A829-CFBA3D5F5FD0}.Release|Any CPU.Build.0 = Release|Any CPU
		{D517B8BF-6162-4E5F-A6CC-AF5110B0499B}.Debug|Any CPU.ActiveCfg = Debug|Any CPU
		{D517B8BF-6162-4E5F-A6CC-AF5110B0499B}.Debug|Any CPU.Build.0 = Debug|Any CPU
		{D517B8BF-6162-4E5F-A6CC-AF5110B0499B}.Release|Any CPU.ActiveCfg = Release|Any CPU
		{D517B8BF-6162-4E5F-A6CC-AF5110B0499B}.Release|Any CPU.Build.0 = Release|Any CPU
		{B89857BF-6BE0-479F-AB64-D11C8CDC8EDF}.Debug|Any CPU.ActiveCfg = Debug|Any CPU
		{B89857BF-6BE0-479F-AB64-D11C8CDC8EDF}.Debug|Any CPU.Build.0 = Debug|Any CPU
		{B89857BF-6BE0-479F-AB64-D11C8CDC8EDF}.Release|Any CPU.ActiveCfg = Release|Any CPU
		{B89857BF-6BE0-479F-AB64-D11C8CDC8EDF}.Release|Any CPU.Build.0 = Release|Any CPU
		{37DCA24B-88D4-4EE2-9A36-4AA5FC3955BB}.Debug|Any CPU.ActiveCfg = Debug|Any CPU
		{37DCA24B-88D4-4EE2-9A36-4AA5FC3955BB}.Debug|Any CPU.Build.0 = Debug|Any CPU
		{37DCA24B-88D4-4EE2-9A36-4AA5FC3955BB}.Release|Any CPU.ActiveCfg = Release|Any CPU
		{37DCA24B-88D4-4EE2-9A36-4AA5FC3955BB}.Release|Any CPU.Build.0 = Release|Any CPU
		{47DDA646-A9A4-42A2-B4A7-E1FDAADA2FDF}.Debug|Any CPU.ActiveCfg = Debug|Any CPU
		{47DDA646-A9A4-42A2-B4A7-E1FDAADA2FDF}.Debug|Any CPU.Build.0 = Debug|Any CPU
		{47DDA646-A9A4-42A2-B4A7-E1FDAADA2FDF}.Release|Any CPU.ActiveCfg = Release|Any CPU
		{47DDA646-A9A4-42A2-B4A7-E1FDAADA2FDF}.Release|Any CPU.Build.0 = Release|Any CPU
	EndGlobalSection
	GlobalSection(SolutionProperties) = preSolution
		HideSolutionNode = FALSE
	EndGlobalSection
	GlobalSection(NestedProjects) = preSolution
		{2B0CEED4-A8AD-46B9-A829-CFBA3D5F5FD0} = {DF1A5ED5-4A66-4BD6-9F82-0DCC881951EC}
		{D517B8BF-6162-4E5F-A6CC-AF5110B0499B} = {DF1A5ED5-4A66-4BD6-9F82-0DCC881951EC}
		{B89857BF-6BE0-479F-AB64-D11C8CDC8EDF} = {DF1A5ED5-4A66-4BD6-9F82-0DCC881951EC}
		{37DCA24B-88D4-4EE2-9A36-4AA5FC3955BB} = {DF1A5ED5-4A66-4BD6-9F82-0DCC881951EC}
		{47DDA646-A9A4-42A2-B4A7-E1FDAADA2FDF} = {7893A74A-4B92-41DE-B12B-9B70E12C6A8E}
	EndGlobalSection
	GlobalSection(ExtensibilityGlobals) = postSolution
		SolutionGuid = {12AC6F5E-73CF-4D50-B481-59DA0565604C}
	EndGlobalSection
EndGlobal
